
Microsoft Visual Studio Solution File, Format Version 12.00
# Visual Studio Version 17
VisualStudioVersion = 17.10.35013.160
MinimumVisualStudioVersion = 10.0.40219.1
Project("{8BC9CEB8-8B4A-11D0-8D11-00A0C91BC942}") = "Lab_9_3", "Lab_9_3.vcxproj", "{984101C6-B1AE-4F1E-A856-2974374133AF}"
EndProject
Global
	GlobalSection(SolutionConfigurationPlatforms) = preSolution
		Debug|x64 = Debug|x64
		Release|x64 = Release|x64
	EndGlobalSection
	GlobalSection(ProjectConfigurationPlatforms) = postSolution
		{984101C6-B1AE-4F1E-A856-2974374133AF}.Debug|x64.ActiveCfg = Debug|x64
		{984101C6-B1AE-4F1E-A856-2974374133AF}.Debug|x64.Build.0 = Debug|x64
		{984101C6-B1AE-4F1E-A856-2974374133AF}.Release|x64.ActiveCfg = Release|x64
		{984101C6-B1AE-4F1E-A856-2974374133AF}.Release|x64.Build.0 = Release|x64
	EndGlobalSection
	GlobalSection(SolutionProperties) = preSolution
		HideSolutionNode = FALSE
	EndGlobalSection
	GlobalSection(ExtensibilityGlobals) = postSolution
		SolutionGuid = {CE8041EC-CD54-4FC9-925D-B0F5CADFB912}
	EndGlobalSection
EndGlobal
